[[package]]
name = "cowpy"
version = "1.1.5"
description = ""
category = "dev"
optional = false
python-versions = ">=3.6"

[package.source]
type = "file"
url = "../packages/cowpy-1.1.5-py3-none-any.whl"

[[package]]
name = "poe-test-helpers"
version = "0.2.0"
description = "Provides cross platform executables to help with testing"
category = "dev"
optional = false
python-versions = ">=3.7"
develop = false

[package.source]
type = "directory"
url = "../packages/poe_test_helpers"

[metadata]
lock-version = "1.1"
python-versions = "^3.7"
content-hash = "5fa24f3ca30fc90015b8a3d1b0ba6b99711a860a945dce08a64dc9c06dc35c59"

[metadata.files]
cowpy = [
    {file = "cowpy-1.1.5-py3-none-any.whl", hash = "sha256:de5ae7646dd30b4936013666c6bd019af9cf411cc3b377c8538cfd8414262921"},
]
poe-test-helpers = []
